
Microsoft Visual Studio Solution File, Format Version 11.00
# Visual Studio 2010
Project("{FAE04EC0-301F-11D3-BF4B-00C04F79EFBC}") = "Assembly-CSharp", "Assembly-CSharp.csproj", "{A6F64B67-8395-FF63-4647-856B5D516C5B}"
EndProject
Project("{FAE04EC0-301F-11D3-BF4B-00C04F79EFBC}") = "Assembly-CSharp-firstpass", "Assembly-CSharp-firstpass.csproj", "{D1562BE9-E3BF-A602-3EEA-37D611625A90}"
EndProject
Project("{FAE04EC0-301F-11D3-BF4B-00C04F79EFBC}") = "Assembly-CSharp-Editor", "Assembly-CSharp-Editor.csproj", "{1EF30CD8-CF96-56A1-6A17-3754F590E433}"
EndProject
Project("{FAE04EC0-301F-11D3-BF4B-00C04F79EFBC}") = "Assembly-CSharp-Editor-firstpass", "Assembly-CSharp-Editor-firstpass.csproj", "{2088E4A1-D2FA-CC27-7468-CD73E529CC1D}"
EndProject
Global
	GlobalSection(SolutionConfigurationPlatforms) = preSolution
		Debug|Any CPU = Debug|Any CPU
		Release|Any CPU = Release|Any CPU
	EndGlobalSection
	GlobalSection(ProjectConfigurationPlatforms) = postSolution
		{A6F64B67-8395-FF63-4647-856B5D516C5B}.Debug|Any CPU.ActiveCfg = Debug|Any CPU
		{A6F64B67-8395-FF63-4647-856B5D516C5B}.Debug|Any CPU.Build.0 = Debug|Any CPU
		{A6F64B67-8395-FF63-4647-856B5D516C5B}.Release|Any CPU.ActiveCfg = Release|Any CPU
		{A6F64B67-8395-FF63-4647-856B5D516C5B}.Release|Any CPU.Build.0 = Release|Any CPU
		{D1562BE9-E3BF-A602-3EEA-37D611625A90}.Debug|Any CPU.ActiveCfg = Debug|Any CPU
		{D1562BE9-E3BF-A602-3EEA-37D611625A90}.Debug|Any CPU.Build.0 = Debug|Any CPU
		{D1562BE9-E3BF-A602-3EEA-37D611625A90}.Release|Any CPU.ActiveCfg = Release|Any CPU
		{D1562BE9-E3BF-A602-3EEA-37D611625A90}.Release|Any CPU.Build.0 = Release|Any CPU
		{1EF30CD8-CF96-56A1-6A17-3754F590E433}.Debug|Any CPU.ActiveCfg = Debug|Any CPU
		{1EF30CD8-CF96-56A1-6A17-3754F590E433}.Debug|Any CPU.Build.0 = Debug|Any CPU
		{1EF30CD8-CF96-56A1-6A17-3754F590E433}.Release|Any CPU.ActiveCfg = Release|Any CPU
		{1EF30CD8-CF96-56A1-6A17-3754F590E433}.Release|Any CPU.Build.0 = Release|Any CPU
		{2088E4A1-D2FA-CC27-7468-CD73E529CC1D}.Debug|Any CPU.ActiveCfg = Debug|Any CPU
		{2088E4A1-D2FA-CC27-7468-CD73E529CC1D}.Debug|Any CPU.Build.0 = Debug|Any CPU
		{2088E4A1-D2FA-CC27-7468-CD73E529CC1D}.Release|Any CPU.ActiveCfg = Release|Any CPU
		{2088E4A1-D2FA-CC27-7468-CD73E529CC1D}.Release|Any CPU.Build.0 = Release|Any CPU
	EndGlobalSection
	GlobalSection(SolutionProperties) = preSolution
		HideSolutionNode = FALSE
	EndGlobalSection
EndGlobal
